
Microsoft Visual Studio Solution File, Format Version 12.00
# Visual Studio Version 16
VisualStudioVersion = 16.0.29306.81
MinimumVisualStudioVersion = 10.0.40219.1
Project("{888888A0-9F3D-457C-B088-3A5042F75D52}") = "Aja-PHM", "Aja-PHM\Aja-PHM.pyproj", "{FE0A75D4-9284-4E11-8112-659546341C90}"
EndProject
Global
	GlobalSection(SolutionConfigurationPlatforms) = preSolution
		Debug|Any CPU = Debug|Any CPU
		Release|Any CPU = Release|Any CPU
	EndGlobalSection
	GlobalSection(ProjectConfigurationPlatforms) = postSolution
		{FE0A75D4-9284-4E11-8112-659546341C90}.Debug|Any CPU.ActiveCfg = Debug|Any CPU
		{FE0A75D4-9284-4E11-8112-659546341C90}.Release|Any CPU.ActiveCfg = Release|Any CPU
	EndGlobalSection
	GlobalSection(SolutionProperties) = preSolution
		HideSolutionNode = FALSE
	EndGlobalSection
	GlobalSection(ExtensibilityGlobals) = postSolution
		SolutionGuid = {5D831DB4-8DA7-4FB6-A776-C466F673564C}
	EndGlobalSection
EndGlobal
